{
  "name": "Gojs",
  "lockfileVersion": 3,
  "requires": true,
  "packages": {
    "": {
      "dependencies": {
        "gojs": "^2.3.8"
      }
    },
    "node_modules/gojs": {
      "version": "2.3.8",
      "resolved": "https://registry.npmjs.org/gojs/-/gojs-2.3.8.tgz",
      "integrity": "sha512-N+T574D7AXuTTZ/zeQ+0n3TLd8hkVaYfJOBDcPuBYCS/OveR/aujybdk5kE72zJFxRMQKgl904ezTxERsuoyBg=="
    }
  }
}
